{
  "name": "nodejs",
  "version": "1.0.0",
  "lockfileVersion": 2,
  "requires": true,
  "packages": {
    "": {
      "name": "nodejs",
      "version": "1.0.0",
      "license": "ISC",
      "dependencies": {
        "bitwise": "^2.2.1"
      }
    },
    "node_modules/bitwise": {
      "version": "2.2.1",
      "resolved": "https://registry.npmjs.org/bitwise/-/bitwise-2.2.1.tgz",
      "integrity": "sha512-eJUCdmPCux/zz2joOoExymwjUGvmfrxb8JhdJ6vC8jZPP/pqnG6Zs0qZh54BLIUMZHwHnA+nv6GFAad8LvCvCg=="
    }
  },
  "dependencies": {
    "bitwise": {
      "version": "2.2.1",
      "resolved": "https://registry.npmjs.org/bitwise/-/bitwise-2.2.1.tgz",
      "integrity": "sha512-eJUCdmPCux/zz2joOoExymwjUGvmfrxb8JhdJ6vC8jZPP/pqnG6Zs0qZh54BLIUMZHwHnA+nv6GFAad8LvCvCg=="
    }
  }
}
